
Microsoft Visual Studio Solution File, Format Version 12.00
# Visual Studio Version 16
VisualStudioVersion = 16.0.29424.173
MinimumVisualStudioVersion = 10.0.40219.1
Project("{8BC9CEB8-8B4A-11D0-8D11-00A0C91BC942}") = "keyboard_clock", "keyboard_clock.vcxproj", "{BFB789DE-2C5E-4230-A948-23266F467349}"
EndProject
Global
	GlobalSection(SolutionConfigurationPlatforms) = preSolution
		Debug|x64 = Debug|x64
		Debug|x86 = Debug|x86
		Release|x64 = Release|x64
		Release|x86 = Release|x86
	EndGlobalSection
	GlobalSection(ProjectConfigurationPlatforms) = postSolution
		{BFB789DE-2C5E-4230-A948-23266F467349}.Debug|x64.ActiveCfg = Debug|x64
		{BFB789DE-2C5E-4230-A948-23266F467349}.Debug|x64.Build.0 = Debug|x64
		{BFB789DE-2C5E-4230-A948-23266F467349}.Debug|x86.ActiveCfg = Debug|Win32
		{BFB789DE-2C5E-4230-A948-23266F467349}.Debug|x86.Build.0 = Debug|Win32
		{BFB789DE-2C5E-4230-A948-23266F467349}.Release|x64.ActiveCfg = Release|x64
		{BFB789DE-2C5E-4230-A948-23266F467349}.Release|x64.Build.0 = Release|x64
		{BFB789DE-2C5E-4230-A948-23266F467349}.Release|x86.ActiveCfg = Release|Win32
		{BFB789DE-2C5E-4230-A948-23266F467349}.Release|x86.Build.0 = Release|Win32
	EndGlobalSection
	GlobalSection(SolutionProperties) = preSolution
		HideSolutionNode = FALSE
	EndGlobalSection
	GlobalSection(ExtensibilityGlobals) = postSolution
		SolutionGuid = {03D09B8A-1A10-4E75-AFBA-E5686DE2BE94}
	EndGlobalSection
EndGlobal
